
Microsoft Visual Studio Solution File, Format Version 12.00
# Visual Studio Version 17
VisualStudioVersion = 17.6.33829.357
MinimumVisualStudioVersion = 10.0.40219.1
Project("{FAE04EC0-301F-11D3-BF4B-00C04F79EFBC}") = "gestionhotel", "gestionhotel\gestionhotel.csproj", "{69063E39-D45C-4678-AE92-901CB22C0255}"
EndProject
Global
	GlobalSection(SolutionConfigurationPlatforms) = preSolution
		Debug|Any CPU = Debug|Any CPU
		Release|Any CPU = Release|Any CPU
	EndGlobalSection
	GlobalSection(ProjectConfigurationPlatforms) = postSolution
		{69063E39-D45C-4678-AE92-901CB22C0255}.Debug|Any CPU.ActiveCfg = Debug|Any CPU
		{69063E39-D45C-4678-AE92-901CB22C0255}.Debug|Any CPU.Build.0 = Debug|Any CPU
		{69063E39-D45C-4678-AE92-901CB22C0255}.Release|Any CPU.ActiveCfg = Release|Any CPU
		{69063E39-D45C-4678-AE92-901CB22C0255}.Release|Any CPU.Build.0 = Release|Any CPU
	EndGlobalSection
	GlobalSection(SolutionProperties) = preSolution
		HideSolutionNode = FALSE
	EndGlobalSection
	GlobalSection(ExtensibilityGlobals) = postSolution
		SolutionGuid = {4A5932AE-83F8-409E-99F0-2414C1F54443}
	EndGlobalSection
EndGlobal
